
Microsoft Visual Studio Solution File, Format Version 12.00
# Visual Studio Version 17
VisualStudioVersion = 17.2.32616.157
MinimumVisualStudioVersion = 10.0.40219.1
Project("{9A19103F-16F7-4668-BE54-9A1E7A4F7556}") = "Assessment1", "Assessment1\Assessment1.csproj", "{76816344-47D8-42D6-8486-FA06C1954141}"
EndProject
Project("{9A19103F-16F7-4668-BE54-9A1E7A4F7556}") = "Assessment2", "Assessment2\Assessment2.csproj", "{413C52ED-C795-4EF4-945B-523BD6D2F1C4}"
EndProject
Project("{FAE04EC0-301F-11D3-BF4B-00C04F79EFBC}") = "Assessment3", "Assessment3\Assessment3.csproj", "{B50CD5D1-43C7-4D9D-B2C4-0A19A4D20E63}"
EndProject
Global
	GlobalSection(SolutionConfigurationPlatforms) = preSolution
		Debug|Any CPU = Debug|Any CPU
		Release|Any CPU = Release|Any CPU
	EndGlobalSection
	GlobalSection(ProjectConfigurationPlatforms) = postSolution
		{76816344-47D8-42D6-8486-FA06C1954141}.Debug|Any CPU.ActiveCfg = Debug|Any CPU
		{76816344-47D8-42D6-8486-FA06C1954141}.Debug|Any CPU.Build.0 = Debug|Any CPU
		{76816344-47D8-42D6-8486-FA06C1954141}.Release|Any CPU.ActiveCfg = Release|Any CPU
		{76816344-47D8-42D6-8486-FA06C1954141}.Release|Any CPU.Build.0 = Release|Any CPU
		{413C52ED-C795-4EF4-945B-523BD6D2F1C4}.Debug|Any CPU.ActiveCfg = Debug|Any CPU
		{413C52ED-C795-4EF4-945B-523BD6D2F1C4}.Debug|Any CPU.Build.0 = Debug|Any CPU
		{413C52ED-C795-4EF4-945B-523BD6D2F1C4}.Release|Any CPU.ActiveCfg = Release|Any CPU
		{413C52ED-C795-4EF4-945B-523BD6D2F1C4}.Release|Any CPU.Build.0 = Release|Any CPU
		{B50CD5D1-43C7-4D9D-B2C4-0A19A4D20E63}.Debug|Any CPU.ActiveCfg = Debug|Any CPU
		{B50CD5D1-43C7-4D9D-B2C4-0A19A4D20E63}.Debug|Any CPU.Build.0 = Debug|Any CPU
		{B50CD5D1-43C7-4D9D-B2C4-0A19A4D20E63}.Release|Any CPU.ActiveCfg = Release|Any CPU
		{B50CD5D1-43C7-4D9D-B2C4-0A19A4D20E63}.Release|Any CPU.Build.0 = Release|Any CPU
	EndGlobalSection
	GlobalSection(SolutionProperties) = preSolution
		HideSolutionNode = FALSE
	EndGlobalSection
	GlobalSection(ExtensibilityGlobals) = postSolution
		SolutionGuid = {B3C1A1E7-B3CB-4C14-A660-A3884442DBB1}
	EndGlobalSection
EndGlobal
